
Microsoft Visual Studio Solution File, Format Version 12.00
# Visual Studio Version 16
VisualStudioVersion = 16.0.28803.202
MinimumVisualStudioVersion = 10.0.40219.1
Project("{FAE04EC0-301F-11D3-BF4B-00C04F79EFBC}") = "ListSerializer", "ListSerializer\ListSerializer.csproj", "{40158F94-2ED7-4F43-8769-AE86B987AB0A}"
EndProject
Global
	GlobalSection(SolutionConfigurationPlatforms) = preSolution
		Debug|Any CPU = Debug|Any CPU
		Release|Any CPU = Release|Any CPU
	EndGlobalSection
	GlobalSection(ProjectConfigurationPlatforms) = postSolution
		{40158F94-2ED7-4F43-8769-AE86B987AB0A}.Debug|Any CPU.ActiveCfg = Debug|Any CPU
		{40158F94-2ED7-4F43-8769-AE86B987AB0A}.Debug|Any CPU.Build.0 = Debug|Any CPU
		{40158F94-2ED7-4F43-8769-AE86B987AB0A}.Release|Any CPU.ActiveCfg = Release|Any CPU
		{40158F94-2ED7-4F43-8769-AE86B987AB0A}.Release|Any CPU.Build.0 = Release|Any CPU
	EndGlobalSection
	GlobalSection(SolutionProperties) = preSolution
		HideSolutionNode = FALSE
	EndGlobalSection
	GlobalSection(ExtensibilityGlobals) = postSolution
		SolutionGuid = {1941CDBE-646D-40B4-A7AE-75CC5C711EF3}
	EndGlobalSection
EndGlobal
